
Microsoft Visual Studio Solution File, Format Version 12.00
Project("{FAE04EC0-301F-11D3-BF4B-00C04F79EFBC}") = "Wasm", "Wasm.csproj", "{903FF2FB-9F6A-4A8E-A75D-EFBEFD3C24BF}"
EndProject
Global
	GlobalSection(SolutionConfigurationPlatforms) = preSolution
		Debug|Any CPU = Debug|Any CPU
		Release|Any CPU = Release|Any CPU
	EndGlobalSection
	GlobalSection(ProjectConfigurationPlatforms) = postSolution
		{903FF2FB-9F6A-4A8E-A75D-EFBEFD3C24BF}.Debug|Any CPU.ActiveCfg = Debug|Any CPU
		{903FF2FB-9F6A-4A8E-A75D-EFBEFD3C24BF}.Debug|Any CPU.Build.0 = Debug|Any CPU
		{903FF2FB-9F6A-4A8E-A75D-EFBEFD3C24BF}.Release|Any CPU.ActiveCfg = Release|Any CPU
		{903FF2FB-9F6A-4A8E-A75D-EFBEFD3C24BF}.Release|Any CPU.Build.0 = Release|Any CPU
	EndGlobalSection
EndGlobal
